
Microsoft Visual Studio Solution File, Format Version 12.00
# Visual Studio 15
VisualStudioVersion = 15.0.28307.1000
MinimumVisualStudioVersion = 10.0.40219.1
Project("{FAE04EC0-301F-11D3-BF4B-00C04F79EFBC}") = "consoleCircleci", "consoleCircleci\consoleCircleci.csproj", "{AAD15C30-58ED-4205-8820-0406F8A01217}"
EndProject
Project("{FAE04EC0-301F-11D3-BF4B-00C04F79EFBC}") = "Test", "Test\Test.csproj", "{B7240383-B29D-4CCA-A0E7-02E8E4F924D9}"
EndProject
Global
	GlobalSection(SolutionConfigurationPlatforms) = preSolution
		Debug|Any CPU = Debug|Any CPU
		Release|Any CPU = Release|Any CPU
	EndGlobalSection
	GlobalSection(ProjectConfigurationPlatforms) = postSolution
		{AAD15C30-58ED-4205-8820-0406F8A01217}.Debug|Any CPU.ActiveCfg = Debug|Any CPU
		{AAD15C30-58ED-4205-8820-0406F8A01217}.Debug|Any CPU.Build.0 = Debug|Any CPU
		{AAD15C30-58ED-4205-8820-0406F8A01217}.Release|Any CPU.ActiveCfg = Release|Any CPU
		{AAD15C30-58ED-4205-8820-0406F8A01217}.Release|Any CPU.Build.0 = Release|Any CPU
		{B7240383-B29D-4CCA-A0E7-02E8E4F924D9}.Debug|Any CPU.ActiveCfg = Debug|Any CPU
		{B7240383-B29D-4CCA-A0E7-02E8E4F924D9}.Debug|Any CPU.Build.0 = Debug|Any CPU
		{B7240383-B29D-4CCA-A0E7-02E8E4F924D9}.Release|Any CPU.ActiveCfg = Release|Any CPU
		{B7240383-B29D-4CCA-A0E7-02E8E4F924D9}.Release|Any CPU.Build.0 = Release|Any CPU
	EndGlobalSection
	GlobalSection(SolutionProperties) = preSolution
		HideSolutionNode = FALSE
	EndGlobalSection
	GlobalSection(ExtensibilityGlobals) = postSolution
		SolutionGuid = {FE490486-F235-451D-B18F-F2E1BB45B9CA}
	EndGlobalSection
EndGlobal
